
Microsoft Visual Studio Solution File, Format Version 11.00
# Visual Studio 2010
Project("{FAE04EC0-301F-11D3-BF4B-00C04F79EFBC}") = "TestingElmah", "TestingElmah\TestingElmah.csproj", "{C191329D-F90D-4999-954F-1E132496B012}"
EndProject
Global
	GlobalSection(SolutionConfigurationPlatforms) = preSolution
		Debug|Any CPU = Debug|Any CPU
		Release|Any CPU = Release|Any CPU
	EndGlobalSection
	GlobalSection(ProjectConfigurationPlatforms) = postSolution
		{C191329D-F90D-4999-954F-1E132496B012}.Debug|Any CPU.ActiveCfg = Debug|Any CPU
		{C191329D-F90D-4999-954F-1E132496B012}.Debug|Any CPU.Build.0 = Debug|Any CPU
		{C191329D-F90D-4999-954F-1E132496B012}.Release|Any CPU.ActiveCfg = Release|Any CPU
		{C191329D-F90D-4999-954F-1E132496B012}.Release|Any CPU.Build.0 = Release|Any CPU
	EndGlobalSection
	GlobalSection(SolutionProperties) = preSolution
		HideSolutionNode = FALSE
	EndGlobalSection
EndGlobal
