
Microsoft Visual Studio Solution File, Format Version 12.00
# Visual Studio 2012
Project("{FAE04EC0-301F-11D3-BF4B-00C04F79EFBC}") = "PDFGenerator", "PDFGenerator\PDFGenerator.csproj", "{2F8AD2B5-95ED-40D2-BE10-CDAAB1F3B01D}"
EndProject
Global
	GlobalSection(SolutionConfigurationPlatforms) = preSolution
		Debug|Any CPU = Debug|Any CPU
		Release|Any CPU = Release|Any CPU
	EndGlobalSection
	GlobalSection(ProjectConfigurationPlatforms) = postSolution
		{2F8AD2B5-95ED-40D2-BE10-CDAAB1F3B01D}.Debug|Any CPU.ActiveCfg = Debug|Any CPU
		{2F8AD2B5-95ED-40D2-BE10-CDAAB1F3B01D}.Debug|Any CPU.Build.0 = Debug|Any CPU
		{2F8AD2B5-95ED-40D2-BE10-CDAAB1F3B01D}.Release|Any CPU.ActiveCfg = Release|Any CPU
		{2F8AD2B5-95ED-40D2-BE10-CDAAB1F3B01D}.Release|Any CPU.Build.0 = Release|Any CPU
	EndGlobalSection
	GlobalSection(SolutionProperties) = preSolution
		HideSolutionNode = FALSE
	EndGlobalSection
EndGlobal
