
Microsoft Visual Studio Solution File, Format Version 12.00
# Visual Studio 2012
Project("{FAE04EC0-301F-11D3-BF4B-00C04F79EFBC}") = "JQGrid", "JQGrid\JQGrid.csproj", "{10555B21-2C8A-43BC-8E7F-A95202F490DE}"
EndProject
Project("{FAE04EC0-301F-11D3-BF4B-00C04F79EFBC}") = "InfilawGridView", "C:\Users\Administrator\Desktop\InfilawGridView\InfilawGridView\InfilawGridView.csproj", "{32B8B9D6-2AAC-4305-96BA-F68CD2265C20}"
EndProject
Global
	GlobalSection(SolutionConfigurationPlatforms) = preSolution
		Debug|Any CPU = Debug|Any CPU
		Release|Any CPU = Release|Any CPU
	EndGlobalSection
	GlobalSection(ProjectConfigurationPlatforms) = postSolution
		{10555B21-2C8A-43BC-8E7F-A95202F490DE}.Debug|Any CPU.ActiveCfg = Debug|Any CPU
		{10555B21-2C8A-43BC-8E7F-A95202F490DE}.Debug|Any CPU.Build.0 = Debug|Any CPU
		{10555B21-2C8A-43BC-8E7F-A95202F490DE}.Release|Any CPU.ActiveCfg = Release|Any CPU
		{10555B21-2C8A-43BC-8E7F-A95202F490DE}.Release|Any CPU.Build.0 = Release|Any CPU
		{32B8B9D6-2AAC-4305-96BA-F68CD2265C20}.Debug|Any CPU.ActiveCfg = Debug|Any CPU
		{32B8B9D6-2AAC-4305-96BA-F68CD2265C20}.Debug|Any CPU.Build.0 = Debug|Any CPU
		{32B8B9D6-2AAC-4305-96BA-F68CD2265C20}.Release|Any CPU.ActiveCfg = Release|Any CPU
		{32B8B9D6-2AAC-4305-96BA-F68CD2265C20}.Release|Any CPU.Build.0 = Release|Any CPU
	EndGlobalSection
	GlobalSection(SolutionProperties) = preSolution
		HideSolutionNode = FALSE
	EndGlobalSection
EndGlobal
